
Microsoft Visual Studio Solution File, Format Version 12.00
# Visual Studio Version 16
VisualStudioVersion = 16.0.31410.357
MinimumVisualStudioVersion = 10.0.40219.1
Project("{9A19103F-16F7-4668-BE54-9A1E7A4F7556}") = "SandboxGame.Data", "SandboxGame.Data\SandboxGame.Data.csproj", "{ED587DAC-D332-46BA-9596-6C08BB2F02C0}"
EndProject
Project("{FAE04EC0-301F-11D3-BF4B-00C04F79EFBC}") = "SandboxGame.ConsoleApp", "SandboxGame.ConsoleApp\SandboxGame.ConsoleApp.csproj", "{51281548-2B2C-42D2-890D-4BD44E6B9B19}"
EndProject
Global
	GlobalSection(SolutionConfigurationPlatforms) = preSolution
		Debug|Any CPU = Debug|Any CPU
		Release|Any CPU = Release|Any CPU
	EndGlobalSection
	GlobalSection(ProjectConfigurationPlatforms) = postSolution
		{ED587DAC-D332-46BA-9596-6C08BB2F02C0}.Debug|Any CPU.ActiveCfg = Debug|Any CPU
		{ED587DAC-D332-46BA-9596-6C08BB2F02C0}.Debug|Any CPU.Build.0 = Debug|Any CPU
		{ED587DAC-D332-46BA-9596-6C08BB2F02C0}.Release|Any CPU.ActiveCfg = Release|Any CPU
		{ED587DAC-D332-46BA-9596-6C08BB2F02C0}.Release|Any CPU.Build.0 = Release|Any CPU
		{51281548-2B2C-42D2-890D-4BD44E6B9B19}.Debug|Any CPU.ActiveCfg = Debug|Any CPU
		{51281548-2B2C-42D2-890D-4BD44E6B9B19}.Debug|Any CPU.Build.0 = Debug|Any CPU
		{51281548-2B2C-42D2-890D-4BD44E6B9B19}.Release|Any CPU.ActiveCfg = Release|Any CPU
		{51281548-2B2C-42D2-890D-4BD44E6B9B19}.Release|Any CPU.Build.0 = Release|Any CPU
	EndGlobalSection
	GlobalSection(SolutionProperties) = preSolution
		HideSolutionNode = FALSE
	EndGlobalSection
	GlobalSection(ExtensibilityGlobals) = postSolution
		SolutionGuid = {CC8ECC5A-68F8-4AAD-A5FB-3C62A9AA4596}
	EndGlobalSection
EndGlobal
